
Microsoft Visual Studio Solution File, Format Version 12.00
# Visual Studio Version 16
VisualStudioVersion = 16.0.32126.315
MinimumVisualStudioVersion = 10.0.40219.1
Project("{FAE04EC0-301F-11D3-BF4B-00C04F79EFBC}") = "lr2Net", "lr2Net\lr2Net.csproj", "{980C9067-2304-46EB-9984-4A95AB68D5EC}"
EndProject
Global
	GlobalSection(SolutionConfigurationPlatforms) = preSolution
		Debug|Any CPU = Debug|Any CPU
		Release|Any CPU = Release|Any CPU
	EndGlobalSection
	GlobalSection(ProjectConfigurationPlatforms) = postSolution
		{980C9067-2304-46EB-9984-4A95AB68D5EC}.Debug|Any CPU.ActiveCfg = Debug|Any CPU
		{980C9067-2304-46EB-9984-4A95AB68D5EC}.Debug|Any CPU.Build.0 = Debug|Any CPU
		{980C9067-2304-46EB-9984-4A95AB68D5EC}.Release|Any CPU.ActiveCfg = Release|Any CPU
		{980C9067-2304-46EB-9984-4A95AB68D5EC}.Release|Any CPU.Build.0 = Release|Any CPU
	EndGlobalSection
	GlobalSection(SolutionProperties) = preSolution
		HideSolutionNode = FALSE
	EndGlobalSection
	GlobalSection(ExtensibilityGlobals) = postSolution
		SolutionGuid = {227991F7-980C-4794-A42E-9902A1128EC4}
	EndGlobalSection
EndGlobal
